
Microsoft Visual Studio Solution File, Format Version 12.00
# Visual Studio Version 17
VisualStudioVersion = 17.7.34031.279
MinimumVisualStudioVersion = 10.0.40219.1
Project("{FAE04EC0-301F-11D3-BF4B-00C04F79EFBC}") = "PrimeiroProjeto", "PrimeiroProjeto\PrimeiroProjeto.csproj", "{D99E5DFE-D92A-4EDA-99A9-99B4F7212CA4}"
EndProject
Global
	GlobalSection(SolutionConfigurationPlatforms) = preSolution
		Debug|Any CPU = Debug|Any CPU
		Release|Any CPU = Release|Any CPU
	EndGlobalSection
	GlobalSection(ProjectConfigurationPlatforms) = postSolution
		{D99E5DFE-D92A-4EDA-99A9-99B4F7212CA4}.Debug|Any CPU.ActiveCfg = Debug|Any CPU
		{D99E5DFE-D92A-4EDA-99A9-99B4F7212CA4}.Debug|Any CPU.Build.0 = Debug|Any CPU
		{D99E5DFE-D92A-4EDA-99A9-99B4F7212CA4}.Release|Any CPU.ActiveCfg = Release|Any CPU
		{D99E5DFE-D92A-4EDA-99A9-99B4F7212CA4}.Release|Any CPU.Build.0 = Release|Any CPU
	EndGlobalSection
	GlobalSection(SolutionProperties) = preSolution
		HideSolutionNode = FALSE
	EndGlobalSection
	GlobalSection(ExtensibilityGlobals) = postSolution
		SolutionGuid = {D27BDB4F-3CCC-4B37-9298-FD42362C9AC5}
	EndGlobalSection
EndGlobal
